
Microsoft Visual Studio Solution File, Format Version 12.00
# Visual Studio Version 17
VisualStudioVersion = 17.8.34330.188
MinimumVisualStudioVersion = 10.0.40219.1
Project("{FAE04EC0-301F-11D3-BF4B-00C04F79EFBC}") = "Dotnet8-EFCore", "Dotnet8-EFCore\Dotnet8-EFCore.csproj", "{FD329877-573A-44C2-9FAE-1A5DF0F3A95D}"
EndProject
Global
	GlobalSection(SolutionConfigurationPlatforms) = preSolution
		Debug|Any CPU = Debug|Any CPU
		Release|Any CPU = Release|Any CPU
	EndGlobalSection
	GlobalSection(ProjectConfigurationPlatforms) = postSolution
		{FD329877-573A-44C2-9FAE-1A5DF0F3A95D}.Debug|Any CPU.ActiveCfg = Debug|Any CPU
		{FD329877-573A-44C2-9FAE-1A5DF0F3A95D}.Debug|Any CPU.Build.0 = Debug|Any CPU
		{FD329877-573A-44C2-9FAE-1A5DF0F3A95D}.Release|Any CPU.ActiveCfg = Release|Any CPU
		{FD329877-573A-44C2-9FAE-1A5DF0F3A95D}.Release|Any CPU.Build.0 = Release|Any CPU
	EndGlobalSection
	GlobalSection(SolutionProperties) = preSolution
		HideSolutionNode = FALSE
	EndGlobalSection
	GlobalSection(ExtensibilityGlobals) = postSolution
		SolutionGuid = {CA00308A-AA33-49BE-82D4-F2871817AA04}
	EndGlobalSection
EndGlobal
